
Microsoft Visual Studio Solution File, Format Version 12.00
# Visual Studio Version 17
VisualStudioVersion = 17.4.33122.133
MinimumVisualStudioVersion = 10.0.40219.1
Project("{8BC9CEB8-8B4A-11D0-8D11-00A0C91BC942}") = "LabWork_1_1", "LabWork_1_1.vcxproj", "{DEB7F411-4EF9-4649-914E-A4E7EB88B715}"
EndProject
Global
	GlobalSection(SolutionConfigurationPlatforms) = preSolution
		Debug|x64 = Debug|x64
		Debug|x86 = Debug|x86
		Release|x64 = Release|x64
		Release|x86 = Release|x86
	EndGlobalSection
	GlobalSection(ProjectConfigurationPlatforms) = postSolution
		{DEB7F411-4EF9-4649-914E-A4E7EB88B715}.Debug|x64.ActiveCfg = Debug|x64
		{DEB7F411-4EF9-4649-914E-A4E7EB88B715}.Debug|x64.Build.0 = Debug|x64
		{DEB7F411-4EF9-4649-914E-A4E7EB88B715}.Debug|x86.ActiveCfg = Debug|Win32
		{DEB7F411-4EF9-4649-914E-A4E7EB88B715}.Debug|x86.Build.0 = Debug|Win32
		{DEB7F411-4EF9-4649-914E-A4E7EB88B715}.Release|x64.ActiveCfg = Release|x64
		{DEB7F411-4EF9-4649-914E-A4E7EB88B715}.Release|x64.Build.0 = Release|x64
		{DEB7F411-4EF9-4649-914E-A4E7EB88B715}.Release|x86.ActiveCfg = Release|Win32
		{DEB7F411-4EF9-4649-914E-A4E7EB88B715}.Release|x86.Build.0 = Release|Win32
	EndGlobalSection
	GlobalSection(SolutionProperties) = preSolution
		HideSolutionNode = FALSE
	EndGlobalSection
	GlobalSection(ExtensibilityGlobals) = postSolution
		SolutionGuid = {72D55AB9-A352-415D-BE9F-BBC783103FB2}
	EndGlobalSection
EndGlobal
